
Microsoft Visual Studio Solution File, Format Version 12.00
# Visual Studio Version 16
VisualStudioVersion = 16.0.30907.101
MinimumVisualStudioVersion = 10.0.40219.1
Project("{F2A71F9B-5D33-465A-A702-920D77279786}") = "myCli", "myCli\myCli.fsproj", "{C62EE9E0-CC48-41EF-A993-26E3523D3952}"
EndProject
Global
	GlobalSection(SolutionConfigurationPlatforms) = preSolution
		Debug|Any CPU = Debug|Any CPU
		Release|Any CPU = Release|Any CPU
	EndGlobalSection
	GlobalSection(ProjectConfigurationPlatforms) = postSolution
		{C62EE9E0-CC48-41EF-A993-26E3523D3952}.Debug|Any CPU.ActiveCfg = Debug|Any CPU
		{C62EE9E0-CC48-41EF-A993-26E3523D3952}.Debug|Any CPU.Build.0 = Debug|Any CPU
		{C62EE9E0-CC48-41EF-A993-26E3523D3952}.Release|Any CPU.ActiveCfg = Release|Any CPU
		{C62EE9E0-CC48-41EF-A993-26E3523D3952}.Release|Any CPU.Build.0 = Release|Any CPU
	EndGlobalSection
	GlobalSection(SolutionProperties) = preSolution
		HideSolutionNode = FALSE
	EndGlobalSection
	GlobalSection(ExtensibilityGlobals) = postSolution
		SolutionGuid = {19D26C54-862A-41F6-AE86-2E0E3466D3D8}
	EndGlobalSection
EndGlobal
